// !$*UTF8*$!
{
	archiveVersion = 1;
	classes = {
	};
	objectVersion = 50;
	objects = {

/* Begin PBXBuildFile section */
		BA8F7416233B7CA30078709C /* AppDelegate.swift in Sources */ = {isa = PBXBuildFile; fileRef = BA8F7415233B7CA30078709C /* AppDelegate.swift */; };
		BA8F7418233B7CA30078709C /* ViewController.swift in Sources */ = {isa = PBXBuildFile; fileRef = BA8F7417233B7CA30078709C /* ViewController.swift */; };
		BA8F741B233B7CA30078709C /* Main.storyboard in Resources */ = {isa = PBXBuildFile; fileRef = BA8F7419233B7CA30078709C /* Main.storyboard */; };
		BA8F741D233B7CA40078709C /* Assets.xcassets in Resources */ = {isa = PBXBuildFile; fileRef = BA8F741C233B7CA40078709C /* Assets.xcassets */; };
		BA8F7420233B7CA40078709C /* LaunchScreen.storyboard in Resources */ = {isa = PBXBuildFile; fileRef = BA8F741E233B7CA40078709C /* LaunchScreen.storyboard */; };
		BA8F742B233B7CA40078709C /* JSONDecoderTests.swift in Sources */ = {isa = PBXBuildFile; fileRef = BA8F742A233B7CA40078709C /* JSONDecoderTests.swift */; };
		BA8F7436233B7CA40078709C /* JSONDecoderUITests.swift in Sources */ = {isa = PBXBuildFile; fileRef = BA8F7435233B7CA40078709C /* JSONDecoderUITests.swift */; };
		BA8F744F233B92740078709C /* PersonRecords.json in Resources */ = {isa = PBXBuildFile; fileRef = BA8F744E233B92740078709C /* PersonRecords.json */; };
		BA8F7452233B928C0078709C /* Records.swift in Sources */ = {isa = PBXBuildFile; fileRef = BA8F7451233B928C0078709C /* Records.swift */; };
/* End PBXBuildFile section */

/* Begin PBXContainerItemProxy section */
		BA8F7427233B7CA40078709C /* PBXContainerItemProxy */ = {
			isa = PBXContainerItemProxy;
			containerPortal = BA8F740A233B7CA30078709C /* Project object */;
			proxyType = 1;
			remoteGlobalIDString = BA8F7411233B7CA30078709C;
			remoteInfo = JSONDecoder;
		};
		BA8F7432233B7CA40078709C /* PBXContainerItemProxy */ = {
			isa = PBXContainerItemProxy;
			containerPortal = BA8F740A233B7CA30078709C /* Project object */;
			proxyType = 1;
			remoteGlobalIDString = BA8F7411233B7CA30078709C;
			remoteInfo = JSONDecoder;
		};
/* End PBXContainerItemProxy section */

/* Begin PBXFileReference section */
		BA8F7412233B7CA30078709C /* JSONDecoder.app */ = {isa = PBXFileReference; explicitFileType = wrapper.application; includeInIndex = 0; path = JSONDecoder.app; sourceTree = BUILT_PRODUCTS_DIR; };
		BA8F7415233B7CA30078709C /* AppDelegate.swift */ = {isa = PBXFileReference; lastKnownFileType = sourcecode.swift; path = AppDelegate.swift; sourceTree = "<group>"; };
		BA8F7417233B7CA30078709C /* ViewController.swift */ = {isa = PBXFileReference; lastKnownFileType = sourcecode.swift; path = ViewController.swift; sourceTree = "<group>"; };
		BA8F741A233B7CA30078709C /* Base */ = {isa = PBXFileReference; lastKnownFileType = file.storyboard; name = Base; path = Base.lproj/Main.storyboard; sourceTree = "<group>"; };
		BA8F741C233B7CA40078709C /* Assets.xcassets */ = {isa = PBXFileReference; lastKnownFileType = folder.assetcatalog; path = Assets.xcassets; sourceTree = "<group>"; };
		BA8F741F233B7CA40078709C /* Base */ = {isa = PBXFileReference; lastKnownFileType = file.storyboard; name = Base; path = Base.lproj/LaunchScreen.storyboard; sourceTree = "<group>"; };
		BA8F7421233B7CA40078709C /* Info.plist */ = {isa = PBXFileReference; lastKnownFileType = text.plist.xml; path = Info.plist; sourceTree = "<group>"; };
		BA8F7426233B7CA40078709C /* JSONDecoderTests.xctest */ = {isa = PBXFileReference; explicitFileType = wrapper.cfbundle; includeInIndex = 0; path = JSONDecoderTests.xctest; sourceTree = BUILT_PRODUCTS_DIR; };
		BA8F742A233B7CA40078709C /* JSONDecoderTests.swift */ = {isa = PBXFileReference; lastKnownFileType = sourcecode.swift; path = JSONDecoderTests.swift; sourceTree = "<group>"; };
		BA8F742C233B7CA40078709C /* Info.plist */ = {isa = PBXFileReference; lastKnownFileType = text.plist.xml; path = Info.plist; sourceTree = "<group>"; };
		BA8F7431233B7CA40078709C /* JSONDecoderUITests.xctest */ = {isa = PBXFileReference; explicitFileType = wrapper.cfbundle; includeInIndex = 0; path = JSONDecoderUITests.xctest; sourceTree = BUILT_PRODUCTS_DIR; };
		BA8F7435233B7CA40078709C /* JSONDecoderUITests.swift */ = {isa = PBXFileReference; lastKnownFileType = sourcecode.swift; path = JSONDecoderUITests.swift; sourceTree = "<group>"; };
		BA8F7437233B7CA40078709C /* Info.plist */ = {isa = PBXFileReference; lastKnownFileType = text.plist.xml; path = Info.plist; sourceTree = "<group>"; };
		BA8F744E233B92740078709C /* PersonRecords.json */ = {isa = PBXFileReference; fileEncoding = 4; lastKnownFileType = text.json; path = PersonRecords.json; sourceTree = "<group>"; };
		BA8F7451233B928C0078709C /* Records.swift */ = {isa = PBXFileReference; fileEncoding = 4; lastKnownFileType = sourcecode.swift; path = Records.swift; sourceTree = "<group>"; };
/* End PBXFileReference section */

/* Begin PBXFrameworksBuildPhase section */
		BA8F740F233B7CA30078709C /* Frameworks */ = {
			isa = PBXFrameworksBuildPhase;
			buildActionMask = 2147483647;
			files = (
			);
			runOnlyForDeploymentPostprocessing = 0;
		};
		BA8F7423233B7CA40078709C /* Frameworks */ = {
			isa = PBXFrameworksBuildPhase;
			buildActionMask = 2147483647;
			files = (
			);
			runOnlyForDeploymentPostprocessing = 0;
		};
		BA8F742E233B7CA40078709C /* Frameworks */ = {
			isa = PBXFrameworksBuildPhase;
			buildActionMask = 2147483647;
			files = (
			);
			runOnlyForDeploymentPostprocessing = 0;
		};
/* End PBXFrameworksBuildPhase section */

/* Begin PBXGroup section */
		BA8F7409233B7CA30078709C = {
			isa = PBXGroup;
			children = (
				BA8F7414233B7CA30078709C /* JSONDecoder */,
				BA8F7429233B7CA40078709C /* JSONDecoderTests */,
				BA8F7434233B7CA40078709C /* JSONDecoderUITests */,
				BA8F7413233B7CA30078709C /* Products */,
			);
			sourceTree = "<group>";
		};
		BA8F7413233B7CA30078709C /* Products */ = {
			isa = PBXGroup;
			children = (
				BA8F7412233B7CA30078709C /* JSONDecoder.app */,
				BA8F7426233B7CA40078709C /* JSONDecoderTests.xctest */,
				BA8F7431233B7CA40078709C /* JSONDecoderUITests.xctest */,
			);
			name = Products;
			sourceTree = "<group>";
		};
		BA8F7414233B7CA30078709C /* JSONDecoder */ = {
			isa = PBXGroup;
			children = (
				BA8F7415233B7CA30078709C /* AppDelegate.swift */,
				BA8F7417233B7CA30078709C /* ViewController.swift */,
				BA8F7450233B928C0078709C /* Model */,
				BA8F744D233B92740078709C /* JSON */,
				BA8F7419233B7CA30078709C /* Main.storyboard */,
				BA8F741C233B7CA40078709C /* Assets.xcassets */,
				BA8F741E233B7CA40078709C /* LaunchScreen.storyboard */,
				BA8F7421233B7CA40078709C /* Info.plist */,
			);
			path = JSONDecoder;
			sourceTree = "<group>";
		};
		BA8F7429233B7CA40078709C /* JSONDecoderTests */ = {
			isa = PBXGroup;
			children = (
				BA8F742A233B7CA40078709C /* JSONDecoderTests.swift */,
				BA8F742C233B7CA40078709C /* Info.plist */,
			);
			path = JSONDecoderTests;
			sourceTree = "<group>";
		};
		BA8F7434233B7CA40078709C /* JSONDecoderUITests */ = {
			isa = PBXGroup;
			children = (
				BA8F7435233B7CA40078709C /* JSONDecoderUITests.swift */,
				BA8F7437233B7CA40078709C /* Info.plist */,
			);
			path = JSONDecoderUITests;
			sourceTree = "<group>";
		};
		BA8F744D233B92740078709C /* JSON */ = {
			isa = PBXGroup;
			children = (
				BA8F744E233B92740078709C /* PersonRecords.json */,
			);
			path = JSON;
			sourceTree = "<group>";
		};
		BA8F7450233B928C0078709C /* Model */ = {
			isa = PBXGroup;
			children = (
				BA8F7451233B928C0078709C /* Records.swift */,
			);
			path = Model;
			sourceTree = "<group>";
		};
/* End PBXGroup section */

/* Begin PBXNativeTarget section */
		BA8F7411233B7CA30078709C /* JSONDecoder */ = {
			isa = PBXNativeTarget;
			buildConfigurationList = BA8F743A233B7CA40078709C /* Build configuration list for PBXNativeTarget "JSONDecoder" */;
			buildPhases = (
				BA8F740E233B7CA30078709C /* Sources */,
				BA8F740F233B7CA30078709C /* Frameworks */,
				BA8F7410233B7CA30078709C /* Resources */,
			);
			buildRules = (
			);
			dependencies = (
			);
			name = JSONDecoder;
			productName = JSONDecoder;
			productReference = BA8F7412233B7CA30078709C /* JSONDecoder.app */;
			productType = "com.apple.product-type.application";
		};
		BA8F7425233B7CA40078709C /* JSONDecoderTests */ = {
			isa = PBXNativeTarget;
			buildConfigurationList = BA8F743D233B7CA40078709C /* Build configuration list for PBXNativeTarget "JSONDecoderTests" */;
			buildPhases = (
				BA8F7422233B7CA40078709C /* Sources */,
				BA8F7423233B7CA40078709C /* Frameworks */,
				BA8F7424233B7CA40078709C /* Resources */,
			);
			buildRules = (
			);
			dependencies = (
				BA8F7428233B7CA40078709C /* PBXTargetDependency */,
			);
			name = JSONDecoderTests;
			productName = JSONDecoderTests;
			productReference = BA8F7426233B7CA40078709C /* JSONDecoderTests.xctest */;
			productType = "com.apple.product-type.bundle.unit-test";
		};
		BA8F7430233B7CA40078709C /* JSONDecoderUITests */ = {
			isa = PBXNativeTarget;
			buildConfigurationList = BA8F7440233B7CA40078709C /* Build configuration list for PBXNativeTarget "JSONDecoderUITests" */;
			buildPhases = (
				BA8F742D233B7CA40078709C /* Sources */,
				BA8F742E233B7CA40078709C /* Frameworks */,
				BA8F742F233B7CA40078709C /* Resources */,
			);
			buildRules = (
			);
			dependencies = (
				BA8F7433233B7CA40078709C /* PBXTargetDependency */,
			);
			name = JSONDecoderUITests;
			productName = JSONDecoderUITests;
			productReference = BA8F7431233B7CA40078709C /* JSONDecoderUITests.xctest */;
			productType = "com.apple.product-type.bundle.ui-testing";
		};
/* End PBXNativeTarget section */

/* Begin PBXProject section */
		BA8F740A233B7CA30078709C /* Project object */ = {
			isa = PBXProject;
			attributes = {
				LastSwiftUpdateCheck = 1030;
				LastUpgradeCheck = 1030;
				ORGANIZATIONNAME = "Neha Pant";
				TargetAttributes = {
					BA8F7411233B7CA30078709C = {
						CreatedOnToolsVersion = 10.3;
					};
					BA8F7425233B7CA40078709C = {
						CreatedOnToolsVersion = 10.3;
						TestTargetID = BA8F7411233B7CA30078709C;
					};
					BA8F7430233B7CA40078709C = {
						CreatedOnToolsVersion = 10.3;
						TestTargetID = BA8F7411233B7CA30078709C;
					};
				};
			};
			buildConfigurationList = BA8F740D233B7CA30078709C /* Build configuration list for PBXProject "JSONDecoder" */;
			compatibilityVersion = "Xcode 9.3";
			developmentRegion = en;
			hasScannedForEncodings = 0;
			knownRegions = (
				en,
				Base,
			);
			mainGroup = BA8F7409233B7CA30078709C;
			productRefGroup = BA8F7413233B7CA30078709C /* Products */;
			projectDirPath = "";
			projectRoot = "";
			targets = (
				BA8F7411233B7CA30078709C /* JSONDecoder */,
				BA8F7425233B7CA40078709C /* JSONDecoderTests */,
				BA8F7430233B7CA40078709C /* JSONDecoderUITests */,
			);
		};
/* End PBXProject section */

/* Begin PBXResourcesBuildPhase section */
		BA8F7410233B7CA30078709C /* Resources */ = {
			isa = PBXResourcesBuildPhase;
			buildActionMask = 2147483647;
			files = (
				BA8F7420233B7CA40078709C /* LaunchScreen.storyboard in Resources */,
				BA8F741D233B7CA40078709C /* Assets.xcassets in Resources */,
				BA8F741B233B7CA30078709C /* Main.storyboard in Resources */,
				BA8F744F233B92740078709C /* PersonRecords.json in Resources */,
			);
			runOnlyForDeploymentPostprocessing = 0;
		};
		BA8F7424233B7CA40078709C /* Resources */ = {
			isa = PBXResourcesBuildPhase;
			buildActionMask = 2147483647;
			files = (
			);
			runOnlyForDeploymentPostprocessing = 0;
		};
		BA8F742F233B7CA40078709C /* Resources */ = {
			isa = PBXResourcesBuildPhase;
			buildActionMask = 2147483647;
			files = (
			);
			runOnlyForDeploymentPostprocessing = 0;
		};
/* End PBXResourcesBuildPhase section */

/* Begin PBXSourcesBuildPhase section */
		BA8F740E233B7CA30078709C /* Sources */ = {
			isa = PBXSourcesBuildPhase;
			buildActionMask = 2147483647;
			files = (
				BA8F7418233B7CA30078709C /* ViewController.swift in Sources */,
				BA8F7452233B928C0078709C /* Records.swift in Sources */,
				BA8F7416233B7CA30078709C /* AppDelegate.swift in Sources */,
			);
			runOnlyForDeploymentPostprocessing = 0;
		};
		BA8F7422233B7CA40078709C /* Sources */ = {
			isa = PBXSourcesBuildPhase;
			buildActionMask = 2147483647;
			files = (
				BA8F742B233B7CA40078709C /* JSONDecoderTests.swift in Sources */,
			);
			runOnlyForDeploymentPostprocessing = 0;
		};
		BA8F742D233B7CA40078709C /* Sources */ = {
			isa = PBXSourcesBuildPhase;
			buildActionMask = 2147483647;
			files = (
				BA8F7436233B7CA40078709C /* JSONDecoderUITests.swift in Sources */,
			);
			runOnlyForDeploymentPostprocessing = 0;
		};
/* End PBXSourcesBuildPhase section */

/* Begin PBXTargetDependency section */
		BA8F7428233B7CA40078709C /* PBXTargetDependency */ = {
			isa = PBXTargetDependency;
			target = BA8F7411233B7CA30078709C /* JSONDecoder */;
			targetProxy = BA8F7427233B7CA40078709C /* PBXContainerItemProxy */;
		};
		BA8F7433233B7CA40078709C /* PBXTargetDependency */ = {
			isa = PBXTargetDependency;
			target = BA8F7411233B7CA30078709C /* JSONDecoder */;
			targetProxy = BA8F7432233B7CA40078709C /* PBXContainerItemProxy */;
		};
/* End PBXTargetDependency section */

/* Begin PBXVariantGroup section */
		BA8F7419233B7CA30078709C /* Main.storyboard */ = {
			isa = PBXVariantGroup;
			children = (
				BA8F741A233B7CA30078709C /* Base */,
			);
			name = Main.storyboard;
			sourceTree = "<group>";
		};
		BA8F741E233B7CA40078709C /* LaunchScreen.storyboard */ = {
			isa = PBXVariantGroup;
			children = (
				BA8F741F233B7CA40078709C /* Base */,
			);
			name = LaunchScreen.storyboard;
			sourceTree = "<group>";
		};
/* End PBXVariantGroup section */

/* Begin XCBuildConfiguration section */
		BA8F7438233B7CA40078709C /* Debug */ = {
			isa = XCBuildConfiguration;
			buildSettings = {
				ALWAYS_SEARCH_USER_PATHS = NO;
				CLANG_ANALYZER_NONNULL = YES;
				CLANG_ANALYZER_NUMBER_OBJECT_CONVERSION = YES_AGGRESSIVE;
				CLANG_CXX_LANGUAGE_STANDARD = "gnu++14";
				CLANG_CXX_LIBRARY = "libc++";
				CLANG_ENABLE_MODULES = YES;
				CLANG_ENABLE_OBJC_ARC = YES;
				CLANG_ENABLE_OBJC_WEAK = YES;
				CLANG_WARN_BLOCK_CAPTURE_AUTORELEASING = YES;
				CLANG_WARN_BOOL_CONVERSION = YES;
				CLANG_WARN_COMMA = YES;
				CLANG_WARN_CONSTANT_CONVERSION = YES;
				CLANG_WARN_DEPRECATED_OBJC_IMPLEMENTATIONS = YES;
				CLANG_WARN_DIRECT_OBJC_ISA_USAGE = YES_ERROR;
				CLANG_WARN_DOCUMENTATION_COMMENTS = YES;
				CLANG_WARN_EMPTY_BODY = YES;
				CLANG_WARN_ENUM_CONVERSION = YES;
				CLANG_WARN_INFINITE_RECURSION = YES;
				CLANG_WARN_INT_CONVERSION = YES;
				CLANG_WARN_NON_LITERAL_NULL_CONVERSION = YES;
				CLANG_WARN_OBJC_IMPLICIT_RETAIN_SELF = YES;
				CLANG_WARN_OBJC_LITERAL_CONVERSION = YES;
				CLANG_WARN_OBJC_ROOT_CLASS = YES_ERROR;
				CLANG_WARN_RANGE_LOOP_ANALYSIS = YES;
				CLANG_WARN_STRICT_PROTOTYPES = YES;
				CLANG_WARN_SUSPICIOUS_MOVE = YES;
				CLANG_WARN_UNGUARDED_AVAILABILITY = YES_AGGRESSIVE;
				CLANG_WARN_UNREACHABLE_CODE = YES;
				CLANG_WARN__DUPLICATE_METHOD_MATCH = YES;
				CODE_SIGN_IDENTITY = "iPhone Developer";
				COPY_PHASE_STRIP = NO;
				DEBUG_INFORMATION_FORMAT = dwarf;
				ENABLE_STRICT_OBJC_MSGSEND = YES;
				ENABLE_TESTABILITY = YES;
				GCC_C_LANGUAGE_STANDARD = gnu11;
				GCC_DYNAMIC_NO_PIC = NO;
				GCC_NO_COMMON_BLOCKS = YES;
				GCC_OPTIMIZATION_LEVEL = 0;
				GCC_PREPROCESSOR_DEFINITIONS = (
					"DEBUG=1",
					"$(inherited)",
				);
				GCC_WARN_64_TO_32_BIT_CONVERSION = YES;
				GCC_WARN_ABOUT_RETURN_TYPE = YES_ERROR;
				GCC_WARN_UNDECLARED_SELECTOR = YES;
				GCC_WARN_UNINITIALIZED_AUTOS = YES_AGGRESSIVE;
				GCC_WARN_UNUSED_FUNCTION = YES;
				GCC_WARN_UNUSED_VARIABLE = YES;
				IPHONEOS_DEPLOYMENT_TARGET = 12.4;
				MTL_ENABLE_DEBUG_INFO = INCLUDE_SOURCE;
				MTL_FAST_MATH = YES;
				ONLY_ACTIVE_ARCH = YES;
				SDKROOT = iphoneos;
				SWIFT_ACTIVE_COMPILATION_CONDITIONS = DEBUG;
				SWIFT_OPTIMIZATION_LEVEL = "-Onone";
			};
			name = Debug;
		};
		BA8F7439233B7CA40078709C /* Release */ = {
			isa = XCBuildConfiguration;
			buildSettings = {
				ALWAYS_SEARCH_USER_PATHS = NO;
				CLANG_ANALYZER_NONNULL = YES;
				CLANG_ANALYZER_NUMBER_OBJECT_CONVERSION = YES_AGGRESSIVE;
				CLANG_CXX_LANGUAGE_STANDARD = "gnu++14";
				CLANG_CXX_LIBRARY = "libc++";
				CLANG_ENABLE_MODULES = YES;
				CLANG_ENABLE_OBJC_ARC = YES;
				CLANG_ENABLE_OBJC_WEAK = YES;
				CLANG_WARN_BLOCK_CAPTURE_AUTORELEASING = YES;
				CLANG_WARN_BOOL_CONVERSION = YES;
				CLANG_WARN_COMMA = YES;
				CLANG_WARN_CONSTANT_CONVERSION = YES;
				CLANG_WARN_DEPRECATED_OBJC_IMPLEMENTATIONS = YES;
				CLANG_WARN_DIRECT_OBJC_ISA_USAGE = YES_ERROR;
				CLANG_WARN_DOCUMENTATION_COMMENTS = YES;
				CLANG_WARN_EMPTY_BODY = YES;
				CLANG_WARN_ENUM_CONVERSION = YES;
				CLANG_WARN_INFINITE_RECURSION = YES;
				CLANG_WARN_INT_CONVERSION = YES;
				CLANG_WARN_NON_LITERAL_NULL_CONVERSION = YES;
				CLANG_WARN_OBJC_IMPLICIT_RETAIN_SELF = YES;
				CLANG_WARN_OBJC_LITERAL_CONVERSION = YES;
				CLANG_WARN_OBJC_ROOT_CLASS = YES_ERROR;
				CLANG_WARN_RANGE_LOOP_ANALYSIS = YES;
				CLANG_WARN_STRICT_PROTOTYPES = YES;
				CLANG_WARN_SUSPICIOUS_MOVE = YES;
				CLANG_WARN_UNGUARDED_AVAILABILITY = YES_AGGRESSIVE;
				CLANG_WARN_UNREACHABLE_CODE = YES;
				CLANG_WARN__DUPLICATE_METHOD_MATCH = YES;
				CODE_SIGN_IDENTITY = "iPhone Developer";
				COPY_PHASE_STRIP = NO;
				DEBUG_INFORMATION_FORMAT = "dwarf-with-dsym";
				ENABLE_NS_ASSERTIONS = NO;
				ENABLE_STRICT_OBJC_MSGSEND = YES;
				GCC_C_LANGUAGE_STANDARD = gnu11;
				GCC_NO_COMMON_BLOCKS = YES;
				GCC_WARN_64_TO_32_BIT_CONVERSION = YES;
				GCC_WARN_ABOUT_RETURN_TYPE = YES_ERROR;
				GCC_WARN_UNDECLARED_SELECTOR = YES;
				GCC_WARN_UNINITIALIZED_AUTOS = YES_AGGRESSIVE;
				GCC_WARN_UNUSED_FUNCTION = YES;
				GCC_WARN_UNUSED_VARIABLE = YES;
				IPHONEOS_DEPLOYMENT_TARGET = 12.4;
				MTL_ENABLE_DEBUG_INFO = NO;
				MTL_FAST_MATH = YES;
				SDKROOT = iphoneos;
				SWIFT_COMPILATION_MODE = wholemodule;
				SWIFT_OPTIMIZATION_LEVEL = "-O";
				VALIDATE_PRODUCT = YES;
			};
			name = Release;
		};
		BA8F743B233B7CA40078709C /* Debug */ = {
			isa = XCBuildConfiguration;
			buildSettings = {
				ASSETCATALOG_COMPILER_APPICON_NAME = AppIcon;
				CODE_SIGN_STYLE = Automatic;
				INFOPLIST_FILE = JSONDecoder/Info.plist;
				LD_RUNPATH_SEARCH_PATHS = (
					"$(inherited)",
					"@executable_path/Frameworks",
				);
				PRODUCT_BUNDLE_IDENTIFIER = access.test.JSONDecoder;
				PRODUCT_NAME = "$(TARGET_NAME)";
				SWIFT_VERSION = 5.0;
				TARGETED_DEVICE_FAMILY = "1,2";
			};
			name = Debug;
		};
		BA8F743C233B7CA40078709C /* Release */ = {
			isa = XCBuildConfiguration;
			buildSettings = {
				ASSETCATALOG_COMPILER_APPICON_NAME = AppIcon;
				CODE_SIGN_STYLE = Automatic;
				INFOPLIST_FILE = JSONDecoder/Info.plist;
				LD_RUNPATH_SEARCH_PATHS = (
					"$(inherited)",
					"@executable_path/Frameworks",
				);
				PRODUCT_BUNDLE_IDENTIFIER = access.test.JSONDecoder;
				PRODUCT_NAME = "$(TARGET_NAME)";
				SWIFT_VERSION = 5.0;
				TARGETED_DEVICE_FAMILY = "1,2";
			};
			name = Release;
		};
		BA8F743E233B7CA40078709C /* Debug */ = {
			isa = XCBuildConfiguration;
			buildSettings = {
				ALWAYS_EMBED_SWIFT_STANDARD_LIBRARIES = YES;
				BUNDLE_LOADER = "$(TEST_HOST)";
				CODE_SIGN_STYLE = Automatic;
				INFOPLIST_FILE = JSONDecoderTests/Info.plist;
				LD_RUNPATH_SEARCH_PATHS = (
					"$(inherited)",
					"@executable_path/Frameworks",
					"@loader_path/Frameworks",
				);
				PRODUCT_BUNDLE_IDENTIFIER = access.test.JSONDecoderTests;
				PRODUCT_NAME = "$(TARGET_NAME)";
				SWIFT_VERSION = 5.0;
				TARGETED_DEVICE_FAMILY = "1,2";
				TEST_HOST = "$(BUILT_PRODUCTS_DIR)/JSONDecoder.app/JSONDecoder";
			};
			name = Debug;
		};
		BA8F743F233B7CA40078709C /* Release */ = {
			isa = XCBuildConfiguration;
			buildSettings = {
				ALWAYS_EMBED_SWIFT_STANDARD_LIBRARIES = YES;
				BUNDLE_LOADER = "$(TEST_HOST)";
				CODE_SIGN_STYLE = Automatic;
				INFOPLIST_FILE = JSONDecoderTests/Info.plist;
				LD_RUNPATH_SEARCH_PATHS = (
					"$(inherited)",
					"@executable_path/Frameworks",
					"@loader_path/Frameworks",
				);
				PRODUCT_BUNDLE_IDENTIFIER = access.test.JSONDecoderTests;
				PRODUCT_NAME = "$(TARGET_NAME)";
				SWIFT_VERSION = 5.0;
				TARGETED_DEVICE_FAMILY = "1,2";
				TEST_HOST = "$(BUILT_PRODUCTS_DIR)/JSONDecoder.app/JSONDecoder";
			};
			name = Release;
		};
		BA8F7441233B7CA40078709C /* Debug */ = {
			isa = XCBuildConfiguration;
			buildSettings = {
				ALWAYS_EMBED_SWIFT_STANDARD_LIBRARIES = YES;
				CODE_SIGN_STYLE = Automatic;
				INFOPLIST_FILE = JSONDecoderUITests/Info.plist;
				LD_RUNPATH_SEARCH_PATHS = (
					"$(inherited)",
					"@executable_path/Frameworks",
					"@loader_path/Frameworks",
				);
				PRODUCT_BUNDLE_IDENTIFIER = access.test.JSONDecoderUITests;
				PRODUCT_NAME = "$(TARGET_NAME)";
				SWIFT_VERSION = 5.0;
				TARGETED_DEVICE_FAMILY = "1,2";
				TEST_TARGET_NAME = JSONDecoder;
			};
			name = Debug;
		};
		BA8F7442233B7CA40078709C /* Release */ = {
			isa = XCBuildConfiguration;
			buildSettings = {
				ALWAYS_EMBED_SWIFT_STANDARD_LIBRARIES = YES;
				CODE_SIGN_STYLE = Automatic;
				INFOPLIST_FILE = JSONDecoderUITests/Info.plist;
				LD_RUNPATH_SEARCH_PATHS = (
					"$(inherited)",
					"@executable_path/Frameworks",
					"@loader_path/Frameworks",
				);
				PRODUCT_BUNDLE_IDENTIFIER = access.test.JSONDecoderUITests;
				PRODUCT_NAME = "$(TARGET_NAME)";
				SWIFT_VERSION = 5.0;
				TARGETED_DEVICE_FAMILY = "1,2";
				TEST_TARGET_NAME = JSONDecoder;
			};
			name = Release;
		};
/* End XCBuildConfiguration section */

/* Begin XCConfigurationList section */
		BA8F740D233B7CA30078709C /* Build configuration list for PBXProject "JSONDecoder" */ = {
			isa = XCConfigurationList;
			buildConfigurations = (
				BA8F7438233B7CA40078709C /* Debug */,
				BA8F7439233B7CA40078709C /* Release */,
			);
			defaultConfigurationIsVisible = 0;
			defaultConfigurationName = Release;
		};
		BA8F743A233B7CA40078709C /* Build configuration list for PBXNativeTarget "JSONDecoder" */ = {
			isa = XCConfigurationList;
			buildConfigurations = (
				BA8F743B233B7CA40078709C /* Debug */,
				BA8F743C233B7CA40078709C /* Release */,
			);
			defaultConfigurationIsVisible = 0;
			defaultConfigurationName = Release;
		};
		BA8F743D233B7CA40078709C /* Build configuration list for PBXNativeTarget "JSONDecoderTests" */ = {
			isa = XCConfigurationList;
			buildConfigurations = (
				BA8F743E233B7CA40078709C /* Debug */,
				BA8F743F233B7CA40078709C /* Release */,
			);
			defaultConfigurationIsVisible = 0;
			defaultConfigurationName = Release;
		};
		BA8F7440233B7CA40078709C /* Build configuration list for PBXNativeTarget "JSONDecoderUITests" */ = {
			isa = XCConfigurationList;
			buildConfigurations = (
				BA8F7441233B7CA40078709C /* Debug */,
				BA8F7442233B7CA40078709C /* Release */,
			);
			defaultConfigurationIsVisible = 0;
			defaultConfigurationName = Release;
		};
/* End XCConfigurationList section */
	};
	rootObject = BA8F740A233B7CA30078709C /* Project object */;
}
